
Microsoft Visual Studio Solution File, Format Version 12.00
# Visual Studio Version 16
VisualStudioVersion = 16.0.29102.190
MinimumVisualStudioVersion = 10.0.40219.1
Project("{9A19103F-16F7-4668-BE54-9A1E7A4F7556}") = "LearnAspCore", "LearnAspCore.csproj", "{0479FAFE-EAA0-4954-BA07-DBE137DD4F87}"
EndProject
Project("{2150E333-8FDC-42A3-9474-1A3956D46DE8}") = "Solution Items", "Solution Items", "{80383482-9CB1-4AEB-8F93-4333926330B8}"
	ProjectSection(SolutionItems) = preProject
		readme.md = readme.md
	EndProjectSection
EndProject
Global
	GlobalSection(SolutionConfigurationPlatforms) = preSolution
		Debug|Any CPU = Debug|Any CPU
		Release|Any CPU = Release|Any CPU
	EndGlobalSection
	GlobalSection(ProjectConfigurationPlatforms) = postSolution
		{0479FAFE-EAA0-4954-BA07-DBE137DD4F87}.Debug|Any CPU.ActiveCfg = Debug|Any CPU
		{0479FAFE-EAA0-4954-BA07-DBE137DD4F87}.Debug|Any CPU.Build.0 = Debug|Any CPU
		{0479FAFE-EAA0-4954-BA07-DBE137DD4F87}.Release|Any CPU.ActiveCfg = Release|Any CPU
		{0479FAFE-EAA0-4954-BA07-DBE137DD4F87}.Release|Any CPU.Build.0 = Release|Any CPU
	EndGlobalSection
	GlobalSection(SolutionProperties) = preSolution
		HideSolutionNode = FALSE
	EndGlobalSection
	GlobalSection(ExtensibilityGlobals) = postSolution
		SolutionGuid = {67352C35-9306-4EF3-9659-7C785A74C10F}
	EndGlobalSection
EndGlobal
